
Microsoft Visual Studio Solution File, Format Version 12.00
# Visual Studio Version 16
VisualStudioVersion = 16.0.29020.237
MinimumVisualStudioVersion = 10.0.40219.1
Project("{FAE04EC0-301F-11D3-BF4B-00C04F79EFBC}") = "WindowsFormsContainerShip", "WindowsFormsContainerShip.csproj", "{A478450A-E26D-48D1-BA6E-2B42F2FAA8DE}"
EndProject
Global
	GlobalSection(SolutionConfigurationPlatforms) = preSolution
		Debug|Any CPU = Debug|Any CPU
		Release|Any CPU = Release|Any CPU
	EndGlobalSection
	GlobalSection(ProjectConfigurationPlatforms) = postSolution
		{A478450A-E26D-48D1-BA6E-2B42F2FAA8DE}.Debug|Any CPU.ActiveCfg = Debug|Any CPU
		{A478450A-E26D-48D1-BA6E-2B42F2FAA8DE}.Debug|Any CPU.Build.0 = Debug|Any CPU
		{A478450A-E26D-48D1-BA6E-2B42F2FAA8DE}.Release|Any CPU.ActiveCfg = Release|Any CPU
		{A478450A-E26D-48D1-BA6E-2B42F2FAA8DE}.Release|Any CPU.Build.0 = Release|Any CPU
	EndGlobalSection
	GlobalSection(SolutionProperties) = preSolution
		HideSolutionNode = FALSE
	EndGlobalSection
	GlobalSection(ExtensibilityGlobals) = postSolution
		SolutionGuid = {918D1A19-1D02-452C-9EE6-C117009AE75B}
	EndGlobalSection
EndGlobal
